
Microsoft Visual Studio Solution File, Format Version 12.00
# Visual Studio Version 16
VisualStudioVersion = 16.0.31613.86
MinimumVisualStudioVersion = 10.0.40219.1
Project("{FAE04EC0-301F-11D3-BF4B-00C04F79EFBC}") = "HW8", "HW8\HW8.csproj", "{6644538E-F984-4BC1-97C8-C1FD1C2DAD2E}"
EndProject
Global
	GlobalSection(SolutionConfigurationPlatforms) = preSolution
		Debug|Any CPU = Debug|Any CPU
		Release|Any CPU = Release|Any CPU
	EndGlobalSection
	GlobalSection(ProjectConfigurationPlatforms) = postSolution
		{6644538E-F984-4BC1-97C8-C1FD1C2DAD2E}.Debug|Any CPU.ActiveCfg = Debug|Any CPU
		{6644538E-F984-4BC1-97C8-C1FD1C2DAD2E}.Debug|Any CPU.Build.0 = Debug|Any CPU
		{6644538E-F984-4BC1-97C8-C1FD1C2DAD2E}.Release|Any CPU.ActiveCfg = Release|Any CPU
		{6644538E-F984-4BC1-97C8-C1FD1C2DAD2E}.Release|Any CPU.Build.0 = Release|Any CPU
	EndGlobalSection
	GlobalSection(SolutionProperties) = preSolution
		HideSolutionNode = FALSE
	EndGlobalSection
	GlobalSection(ExtensibilityGlobals) = postSolution
		SolutionGuid = {480E0566-218E-4B6B-9F1E-DF012E62721C}
	EndGlobalSection
EndGlobal
